<?xml version="1.0" encoding="utf-8"?>
<Project ToolsVersion="4.0" xmlns="http://schemas.microsoft.com/developer/msbuild/2003">
  <ItemGroup>
    <ClCompile Include="Game\main.cpp" />
    <ClCompile Include="Game\ResourceManager\ResourceManager.cpp">
      <Filter>ResourceManager</Filter>
    </ClCompile>
    <ClCompile Include="Game\Game.cpp" />
    <ClCompile Include="Game\Allocators\LinearAllocator.cpp">
      <Filter>Allocators</Filter>
    </ClCompile>
    <ClCompile Include="Game\Allocators\PoolAllocator.cpp">
      <Filter>Allocators</Filter>
    </ClCompile>
    <ClCompile Include="Game\Allocators\FreeListAllocator.cpp">
      <Filter>Allocators</Filter>
    </ClCompile>
    <ClCompile Include="Game\EntityComponentSystem\ComponentManager.cpp">
      <Filter>EntityComponentSystem</Filter>
    </ClCompile>
  </ItemGroup>
  <ItemGroup>
    <Filter Include="ResourceManager">
      <UniqueIdentifier>{aadebea2-4a19-4cf9-9ddc-293709636bbc}</UniqueIdentifier>
      <Extensions>
      </Extensions>
    </Filter>
    <Filter Include="Utils">
      <UniqueIdentifier>{cd009f62-d4ce-4ef5-b32e-d75008b98cda}</UniqueIdentifier>
    </Filter>
    <Filter Include="EntityComponentSystem">
      <UniqueIdentifier>{6f07963b-be38-4b9a-8a42-f794a7e97c84}</UniqueIdentifier>
    </Filter>
    <Filter Include="Allocators">
      <UniqueIdentifier>{b4615255-bfd0-4f9f-9f3f-3037b1cdc0fa}</UniqueIdentifier>
    </Filter>
  </ItemGroup>
  <ItemGroup>
    <ClInclude Include="Game\ResourceManager\ResourceManager.h">
      <Filter>ResourceManager</Filter>
    </ClInclude>
    <ClInclude Include="Game\Game.h" />
    <ClInclude Include="Game\Utils\Constants.h">
      <Filter>Utils</Filter>
    </ClInclude>
    <ClInclude Include="Game\Allocators\IAllocator.h">
      <Filter>Allocators</Filter>
    </ClInclude>
    <ClInclude Include="Game\Allocators\LinearAllocator.h">
      <Filter>Allocators</Filter>
    </ClInclude>
    <ClInclude Include="Game\Allocators\PoolAllocator.h">
      <Filter>Allocators</Filter>
    </ClInclude>
    <ClInclude Include="Game\Allocators\FreeListAllocator.h">
      <Filter>Allocators</Filter>
    </ClInclude>
    <ClInclude Include="Game\EntityComponentSystem\ComponentType.h">
      <Filter>EntityComponentSystem</Filter>
    </ClInclude>
    <ClInclude Include="Game\EntityComponentSystem\Component.h">
      <Filter>EntityComponentSystem</Filter>
    </ClInclude>
    <ClInclude Include="Game\Singleton.h" />
    <ClInclude Include="Game\EntityComponentSystem\ComponentManager.h">
      <Filter>EntityComponentSystem</Filter>
    </ClInclude>
  </ItemGroup>
</Project>