
Microsoft Visual Studio Solution File, Format Version 12.00
# Visual Studio Version 16
VisualStudioVersion = 16.0.30611.23
MinimumVisualStudioVersion = 10.0.40219.1
Project("{8BC9CEB8-8B4A-11D0-8D11-00A0C91BC942}") = "BomberMan", "BomberMan.vcxproj", "{8A1838F1-7847-42DA-9361-17ECAC106B1B}"
EndProject
Global
	GlobalSection(SolutionConfigurationPlatforms) = preSolution
		Debug|x64 = Debug|x64
		Debug|x86 = Debug|x86
		Release|x64 = Release|x64
		Release|x86 = Release|x86
	EndGlobalSection
	GlobalSection(ProjectConfigurationPlatforms) = postSolution
		{8A1838F1-7847-42DA-9361-17ECAC106B1B}.Debug|x64.ActiveCfg = Debug|x64
		{8A1838F1-7847-42DA-9361-17ECAC106B1B}.Debug|x64.Build.0 = Debug|x64
		{8A1838F1-7847-42DA-9361-17ECAC106B1B}.Debug|x86.ActiveCfg = Debug|Win32
		{8A1838F1-7847-42DA-9361-17ECAC106B1B}.Debug|x86.Build.0 = Debug|Win32
		{8A1838F1-7847-42DA-9361-17ECAC106B1B}.Release|x64.ActiveCfg = Release|x64
		{8A1838F1-7847-42DA-9361-17ECAC106B1B}.Release|x64.Build.0 = Release|x64
		{8A1838F1-7847-42DA-9361-17ECAC106B1B}.Release|x86.ActiveCfg = Release|Win32
		{8A1838F1-7847-42DA-9361-17ECAC106B1B}.Release|x86.Build.0 = Release|Win32
	EndGlobalSection
	GlobalSection(SolutionProperties) = preSolution
		HideSolutionNode = FALSE
	EndGlobalSection
	GlobalSection(ExtensibilityGlobals) = postSolution
		SolutionGuid = {89A248FC-4CD6-41EF-8C73-FD7C42A01412}
	EndGlobalSection
EndGlobal
